Microsoft Visual Studio Solution File, Format Version 12.00
# Visual Studio Version 18
VisualStudioVersion = 18.3.11527.330
MinimumVisualStudioVersion = 10.0.40219.1
Project("{FAE04EC0-301F-11D3-BF4B-00C04F79EFBC}") = "Pillar.Commands", "src\Pillar.Commands\Pillar.Commands.csproj", "{C157AC08-C027-20B4-F7FF-EA8CA77E95ED}"
EndProject
Project("{FAE04EC0-301F-11D3-BF4B-00C04F79EFBC}") = "Pillar.Core", "src\Pillar.Core\Pillar.Core.csproj", "{CAF5B87F-251D-C17D-0D4A-E80378C1D364}"
EndProject
Project("{FAE04EC0-301F-11D3-BF4B-00C04F79EFBC}") = "Pillar.Geometry", "src\Pillar.Geometry\Pillar.Geometry.csproj", "{5DE73A31-8122-CEA4-A4CC-FB958196EE5E}"
EndProject
Project("{FAE04EC0-301F-11D3-BF4B-00C04F79EFBC}") = "Pillar.Rendering", "src\Pillar.Rendering\Pillar.Rendering.csproj", "{10A3AACD-92A5-5C3C-1006-55C01926389E}"
EndProject
Project("{FAE04EC0-301F-11D3-BF4B-00C04F79EFBC}") = "Pillar.UI", "src\Pillar.UI\Pillar.UI.csproj", "{7A916F17-BCEE-FFE8-8CF2-8B7D9F221F86}"
EndProject
Project("{FAE04EC0-301F-11D3-BF4B-00C04F79EFBC}") = "Pillar.ViewModels", "src\Pillar.ViewModels\Pillar.ViewModels.csproj", "{37CF276D-3AF8-2C6F-B22F-360DC299B549}"
EndProject
Project("{2150E333-8FDC-42A3-9474-1A3956D46DE8}") = "AI Documentation", "AI Documentation", "{2CA95D3F-9516-44EB-9F6F-B4C52E48612E}"
	ProjectSection(SolutionItems) = preProject
		Oldagents.md = Oldagents.md
	EndProjectSection
EndProject
Project("{2150E333-8FDC-42A3-9474-1A3956D46DE8}") = "Solution Items", "Solution Items", "{8B34A751-53CF-467E-BFB6-05E222CFD4F7}"
	ProjectSection(SolutionItems) = preProject
		SampleProjects\Sample.gph = SampleProjects\Sample.gph
	EndProjectSection
EndProject
Project("{FAE04EC0-301F-11D3-BF4B-00C04F79EFBC}") = "Pillar.Geometry.SmokeTests", "tests\Pillar.Geometry.SmokeTests\Pillar.Geometry.SmokeTests.csproj", "{8DC51B66-65D7-4C97-8A26-50F8F1ED82B7}"
EndProject
Project("{2150E333-8FDC-42A3-9474-1A3956D46DE8}") = "Documentation", "Documentation", "{98639024-1FC6-45C3-B643-2FE6BDAFE387}"
EndProject
Project("{2150E333-8FDC-42A3-9474-1A3956D46DE8}") = "Architecture", "Architecture", "{3A373EEF-92F3-4A21-8A56-94B4AB281925}"
	ProjectSection(SolutionItems) = preProject
		Documentation\Architecture\Modes-And-Tools.md = Documentation\Architecture\Modes-And-Tools.md
		Documentation\Architecture\Overview.md = Documentation\Architecture\Overview.md
		Documentation\Architecture\Rendering-Boundaries.md = Documentation\Architecture\Rendering-Boundaries.md
		Documentation\Architecture\Undo-Redo-Notes.md = Documentation\Architecture\Undo-Redo-Notes.md
	EndProjectSection
EndProject
Project("{2150E333-8FDC-42A3-9474-1A3956D46DE8}") = "Archive", "Archive", "{CD2F406E-5211-4559-B585-11DE6E54EDFF}"
	ProjectSection(SolutionItems) = preProject
		Documentation\Archive\2026-06-Area-Support-Implementation.md = Documentation\Archive\2026-06-Area-Support-Implementation.md
		Documentation\Archive\2026-06-Rotation-Transform-Implementation.md = Documentation\Archive\2026-06-Rotation-Transform-Implementation.md
		Documentation\Archive\2026-06-SupportFunctionalityTask.md = Documentation\Archive\2026-06-SupportFunctionalityTask.md
		Documentation\Archive\README.md = Documentation\Archive\README.md
	EndProjectSection
EndProject
Project("{2150E333-8FDC-42A3-9474-1A3956D46DE8}") = "Common Tools", "Common Tools", "{B362E5DD-7B52-47A5-BCF3-EB2ED501F458}"
	ProjectSection(SolutionItems) = preProject
		Documentation\Common Tools\Face-Set-Selection.md = Documentation\Common Tools\Face-Set-Selection.md
	EndProjectSection
EndProject
Project("{2150E333-8FDC-42A3-9474-1A3956D46DE8}") = "Support Genreation Tools", "Support Genreation Tools", "{0695FCCA-0834-403E-8E53-A6B7B6D6C756}"
	ProjectSection(SolutionItems) = preProject
		Documentation\Support Genreation Tools\Area-Support-Tool.md = Documentation\Support Genreation Tools\Area-Support-Tool.md
		Documentation\Support Genreation Tools\Contour-Support-Tool.md = Documentation\Support Genreation Tools\Contour-Support-Tool.md
		Documentation\Support Genreation Tools\Line-Support-Tool.md = Documentation\Support Genreation Tools\Line-Support-Tool.md
		Documentation\Support Genreation Tools\Overview.md = Documentation\Support Genreation Tools\Overview.md
		Documentation\Support Genreation Tools\Tool-Template.md = Documentation\Support Genreation Tools\Tool-Template.md
	EndProjectSection
EndProject
Project("{2150E333-8FDC-42A3-9474-1A3956D46DE8}") = "Tasks", "Tasks", "{4425472E-0D4F-4B0C-A545-F0E431E20157}"
EndProject
Project("{2150E333-8FDC-42A3-9474-1A3956D46DE8}") = "UI", "UI", "{E6E8E711-7624-4468-86A4-1C8BBDED9869}"
	ProjectSection(SolutionItems) = preProject
		Documentation\UI\Panels.md = Documentation\UI\Panels.md
		Documentation\UI\Workflow.md = Documentation\UI\Workflow.md
	EndProjectSection
EndProject
Project("{2150E333-8FDC-42A3-9474-1A3956D46DE8}") = "Support Editing Tools", "Support Editing Tools", "{A5F9F35A-2B9F-4CDA-8A1B-121E1E92FD49}"
	ProjectSection(SolutionItems) = preProject
		Direct Edit Tool.md = Direct Edit Tool.md
		Support Bracing Tool.md = Support Bracing Tool.md
		Documentation\Support Editing Tools\Support Cluster Tool.md = Documentation\Support Editing Tools\Support Cluster Tool.md
		Documentation\Support Editing Tools\Support Editing Mode Behaviours.md = Documentation\Support Editing Tools\Support Editing Mode Behaviours.md
	EndProjectSection
EndProject
Global
	GlobalSection(SolutionConfigurationPlatforms) = preSolution
		Debug|Any CPU = Debug|Any CPU
		Release|Any CPU = Release|Any CPU
	EndGlobalSection
	GlobalSection(ProjectConfigurationPlatforms) = postSolution
		{C157AC08-C027-20B4-F7FF-EA8CA77E95ED}.Debug|Any CPU.ActiveCfg = Debug|Any CPU
		{C157AC08-C027-20B4-F7FF-EA8CA77E95ED}.Debug|Any CPU.Build.0 = Debug|Any CPU
		{C157AC08-C027-20B4-F7FF-EA8CA77E95ED}.Release|Any CPU.ActiveCfg = Release|Any CPU
		{C157AC08-C027-20B4-F7FF-EA8CA77E95ED}.Release|Any CPU.Build.0 = Release|Any CPU
		{CAF5B87F-251D-C17D-0D4A-E80378C1D364}.Debug|Any CPU.ActiveCfg = Debug|Any CPU
		{CAF5B87F-251D-C17D-0D4A-E80378C1D364}.Debug|Any CPU.Build.0 = Debug|Any CPU
		{CAF5B87F-251D-C17D-0D4A-E80378C1D364}.Release|Any CPU.ActiveCfg = Release|Any CPU
		{CAF5B87F-251D-C17D-0D4A-E80378C1D364}.Release|Any CPU.Build.0 = Release|Any CPU
		{5DE73A31-8122-CEA4-A4CC-FB958196EE5E}.Debug|Any CPU.ActiveCfg = Debug|Any CPU
		{5DE73A31-8122-CEA4-A4CC-FB958196EE5E}.Debug|Any CPU.Build.0 = Debug|Any CPU
		{5DE73A31-8122-CEA4-A4CC-FB958196EE5E}.Release|Any CPU.ActiveCfg = Release|Any CPU
		{5DE73A31-8122-CEA4-A4CC-FB958196EE5E}.Release|Any CPU.Build.0 = Release|Any CPU
		{10A3AACD-92A5-5C3C-1006-55C01926389E}.Debug|Any CPU.ActiveCfg = Debug|Any CPU
		{10A3AACD-92A5-5C3C-1006-55C01926389E}.Debug|Any CPU.Build.0 = Debug|Any CPU
		{10A3AACD-92A5-5C3C-1006-55C01926389E}.Release|Any CPU.ActiveCfg = Release|Any CPU
		{10A3AACD-92A5-5C3C-1006-55C01926389E}.Release|Any CPU.Build.0 = Release|Any CPU
		{7A916F17-BCEE-FFE8-8CF2-8B7D9F221F86}.Debug|Any CPU.ActiveCfg = Debug|Any CPU
		{7A916F17-BCEE-FFE8-8CF2-8B7D9F221F86}.Debug|Any CPU.Build.0 = Debug|Any CPU
		{7A916F17-BCEE-FFE8-8CF2-8B7D9F221F86}.Release|Any CPU.ActiveCfg = Release|Any CPU
		{7A916F17-BCEE-FFE8-8CF2-8B7D9F221F86}.Release|Any CPU.Build.0 = Release|Any CPU
		{37CF276D-3AF8-2C6F-B22F-360DC299B549}.Debug|Any CPU.ActiveCfg = Debug|Any CPU
		{37CF276D-3AF8-2C6F-B22F-360DC299B549}.Debug|Any CPU.Build.0 = Debug|Any CPU
		{37CF276D-3AF8-2C6F-B22F-360DC299B549}.Release|Any CPU.ActiveCfg = Release|Any CPU
		{37CF276D-3AF8-2C6F-B22F-360DC299B549}.Release|Any CPU.Build.0 = Release|Any CPU
		{8DC51B66-65D7-4C97-8A26-50F8F1ED82B7}.Debug|Any CPU.ActiveCfg = Debug|Any CPU
		{8DC51B66-65D7-4C97-8A26-50F8F1ED82B7}.Debug|Any CPU.Build.0 = Debug|Any CPU
		{8DC51B66-65D7-4C97-8A26-50F8F1ED82B7}.Release|Any CPU.ActiveCfg = Release|Any CPU
		{8DC51B66-65D7-4C97-8A26-50F8F1ED82B7}.Release|Any CPU.Build.0 = Release|Any CPU
	EndGlobalSection
	GlobalSection(SolutionProperties) = preSolution
		HideSolutionNode = FALSE
	EndGlobalSection
	GlobalSection(NestedProjects) = preSolution
		{3A373EEF-92F3-4A21-8A56-94B4AB281925} = {98639024-1FC6-45C3-B643-2FE6BDAFE387}
		{CD2F406E-5211-4559-B585-11DE6E54EDFF} = {98639024-1FC6-45C3-B643-2FE6BDAFE387}
		{B362E5DD-7B52-47A5-BCF3-EB2ED501F458} = {98639024-1FC6-45C3-B643-2FE6BDAFE387}
		{0695FCCA-0834-403E-8E53-A6B7B6D6C756} = {98639024-1FC6-45C3-B643-2FE6BDAFE387}
		{4425472E-0D4F-4B0C-A545-F0E431E20157} = {98639024-1FC6-45C3-B643-2FE6BDAFE387}
		{E6E8E711-7624-4468-86A4-1C8BBDED9869} = {98639024-1FC6-45C3-B643-2FE6BDAFE387}
		{A5F9F35A-2B9F-4CDA-8A1B-121E1E92FD49} = {98639024-1FC6-45C3-B643-2FE6BDAFE387}
	EndGlobalSection
	GlobalSection(ExtensibilityGlobals) = postSolution
		SolutionGuid = {7E64CCF2-ED87-450F-B577-DE4EFDA32C5A}
	EndGlobalSection
EndGlobal
